
Microsoft Visual Studio Solution File, Format Version 12.00
# Visual Studio Version 17
VisualStudioVersion = 17.6.33815.320
MinimumVisualStudioVersion = 10.0.40219.1
Project("{FAE04EC0-301F-11D3-BF4B-00C04F79EFBC}") = "WillPart3", "WillPart3\WillPart3.csproj", "{B86F99FA-C0F2-45FF-858F-F45577606B20}"
EndProject
Global
	GlobalSection(SolutionConfigurationPlatforms) = preSolution
		Debug|Any CPU = Debug|Any CPU
		Release|Any CPU = Release|Any CPU
	EndGlobalSection
	GlobalSection(ProjectConfigurationPlatforms) = postSolution
		{B86F99FA-C0F2-45FF-858F-F45577606B20}.Debug|Any CPU.ActiveCfg = Debug|Any CPU
		{B86F99FA-C0F2-45FF-858F-F45577606B20}.Debug|Any CPU.Build.0 = Debug|Any CPU
		{B86F99FA-C0F2-45FF-858F-F45577606B20}.Release|Any CPU.ActiveCfg = Release|Any CPU
		{B86F99FA-C0F2-45FF-858F-F45577606B20}.Release|Any CPU.Build.0 = Release|Any CPU
	EndGlobalSection
	GlobalSection(SolutionProperties) = preSolution
		HideSolutionNode = FALSE
	EndGlobalSection
	GlobalSection(ExtensibilityGlobals) = postSolution
		SolutionGuid = {256E499C-EA8E-4EA1-AE23-6F0D6663B6F8}
	EndGlobalSection
EndGlobal
